{
  "name": "p2psub",
  "version": "0.4.0",
  "lockfileVersion": 3,
  "requires": true,
  "packages": {
    "": {
      "name": "p2psub",
      "version": "0.4.0",
      "license": "MIT",
      "bin": {
        "p2psub": "app.js"
      },
      "engines": {
        "node": ">=18.0.0"
      }
    }
  }
}
